
Microsoft Visual Studio Solution File, Format Version 12.00
# Visual Studio Version 17
VisualStudioVersion = 17.9.34728.123
MinimumVisualStudioVersion = 10.0.40219.1
Project("{FAE04EC0-301F-11D3-BF4B-00C04F79EFBC}") = "prueba ordenar numeros", "prueba ordenar numeros\prueba ordenar numeros.csproj", "{93E60A77-404D-4CF4-8B77-C86A0D3F4EBC}"
EndProject
Global
	GlobalSection(SolutionConfigurationPlatforms) = preSolution
		Debug|Any CPU = Debug|Any CPU
		Release|Any CPU = Release|Any CPU
	EndGlobalSection
	GlobalSection(ProjectConfigurationPlatforms) = postSolution
		{93E60A77-404D-4CF4-8B77-C86A0D3F4EBC}.Debug|Any CPU.ActiveCfg = Debug|Any CPU
		{93E60A77-404D-4CF4-8B77-C86A0D3F4EBC}.Debug|Any CPU.Build.0 = Debug|Any CPU
		{93E60A77-404D-4CF4-8B77-C86A0D3F4EBC}.Release|Any CPU.ActiveCfg = Release|Any CPU
		{93E60A77-404D-4CF4-8B77-C86A0D3F4EBC}.Release|Any CPU.Build.0 = Release|Any CPU
	EndGlobalSection
	GlobalSection(SolutionProperties) = preSolution
		HideSolutionNode = FALSE
	EndGlobalSection
	GlobalSection(ExtensibilityGlobals) = postSolution
		SolutionGuid = {D2ABEED6-7CD8-45D0-9B82-282694DD7138}
	EndGlobalSection
EndGlobal
